// !$*UTF8*$!
{
	archiveVersion = 1;
	classes = {
	};
	objectVersion = 56;
	objects = {

/* Begin PBXBuildFile section */
		733782332BEA2CEE00CC915C /* AppDelegate.swift in Sources */ = {isa = PBXBuildFile; fileRef = 733782322BEA2CEE00CC915C /* AppDelegate.swift */; };
		733782352BEA2CEE00CC915C /* SceneDelegate.swift in Sources */ = {isa = PBXBuildFile; fileRef = 733782342BEA2CEE00CC915C /* SceneDelegate.swift */; };
		733782372BEA2CEE00CC915C /* ViewController.swift in Sources */ = {isa = PBXBuildFile; fileRef = 733782362BEA2CEE00CC915C /* ViewController.swift */; };
		7337823A2BEA2CEE00CC915C /* Base in Resources */ = {isa = PBXBuildFile; fileRef = 733782392BEA2CEE00CC915C /* Base */; };
		7337823C2BEA2CF000CC915C /* Assets.xcassets in Resources */ = {isa = PBXBuildFile; fileRef = 7337823B2BEA2CF000CC915C /* Assets.xcassets */; };
		7337823F2BEA2CF000CC915C /* Base in Resources */ = {isa = PBXBuildFile; fileRef = 7337823E2BEA2CF000CC915C /* Base */; };
		7337824A2BEA2CF000CC915C /* TestTests.swift in Sources */ = {isa = PBXBuildFile; fileRef = 733782492BEA2CF000CC915C /* TestTests.swift */; };
		733782542BEA2CF000CC915C /* TestUITests.swift in Sources */ = {isa = PBXBuildFile; fileRef = 733782532BEA2CF000CC915C /* TestUITests.swift */; };
		733782562BEA2CF000CC915C /* TestUITestsLaunchTests.swift in Sources */ = {isa = PBXBuildFile; fileRef = 733782552BEA2CF000CC915C /* TestUITestsLaunchTests.swift */; };
		733782632BEA2D1800CC915C /* TableData.swift in Sources */ = {isa = PBXBuildFile; fileRef = 733782622BEA2D1800CC915C /* TableData.swift */; };
		733782652BEA30EA00CC915C /* DataTableViewCell.swift in Sources */ = {isa = PBXBuildFile; fileRef = 733782642BEA30EA00CC915C /* DataTableViewCell.swift */; };
/* End PBXBuildFile section */

/* Begin PBXContainerItemProxy section */
		733782462BEA2CF000CC915C /* PBXContainerItemProxy */ = {
			isa = PBXContainerItemProxy;
			containerPortal = 733782272BEA2CEE00CC915C /* Project object */;
			proxyType = 1;
			remoteGlobalIDString = 7337822E2BEA2CEE00CC915C;
			remoteInfo = Test;
		};
		733782502BEA2CF000CC915C /* PBXContainerItemProxy */ = {
			isa = PBXContainerItemProxy;
			containerPortal = 733782272BEA2CEE00CC915C /* Project object */;
			proxyType = 1;
			remoteGlobalIDString = 7337822E2BEA2CEE00CC915C;
			remoteInfo = Test;
		};
/* End PBXContainerItemProxy section */

/* Begin PBXFileReference section */
		7337822F2BEA2CEE00CC915C /* Test.app */ = {isa = PBXFileReference; explicitFileType = wrapper.application; includeInIndex = 0; path = Test.app; sourceTree = BUILT_PRODUCTS_DIR; };
		733782322BEA2CEE00CC915C /* AppDelegate.swift */ = {isa = PBXFileReference; lastKnownFileType = sourcecode.swift; path = AppDelegate.swift; sourceTree = "<group>"; };
		733782342BEA2CEE00CC915C /* SceneDelegate.swift */ = {isa = PBXFileReference; lastKnownFileType = sourcecode.swift; path = SceneDelegate.swift; sourceTree = "<group>"; };
		733782362BEA2CEE00CC915C /* ViewController.swift */ = {isa = PBXFileReference; lastKnownFileType = sourcecode.swift; path = ViewController.swift; sourceTree = "<group>"; };
		733782392BEA2CEE00CC915C /* Base */ = {isa = PBXFileReference; lastKnownFileType = file.storyboard; name = Base; path = Base.lproj/Main.storyboard; sourceTree = "<group>"; };
		7337823B2BEA2CF000CC915C /* Assets.xcassets */ = {isa = PBXFileReference; lastKnownFileType = folder.assetcatalog; path = Assets.xcassets; sourceTree = "<group>"; };
		7337823E2BEA2CF000CC915C /* Base */ = {isa = PBXFileReference; lastKnownFileType = file.storyboard; name = Base; path = Base.lproj/LaunchScreen.storyboard; sourceTree = "<group>"; };
		733782402BEA2CF000CC915C /* Info.plist */ = {isa = PBXFileReference; lastKnownFileType = text.plist.xml; path = Info.plist; sourceTree = "<group>"; };
		733782452BEA2CF000CC915C /* TestTests.xctest */ = {isa = PBXFileReference; explicitFileType = wrapper.cfbundle; includeInIndex = 0; path = TestTests.xctest; sourceTree = BUILT_PRODUCTS_DIR; };
		733782492BEA2CF000CC915C /* TestTests.swift */ = {isa = PBXFileReference; lastKnownFileType = sourcecode.swift; path = TestTests.swift; sourceTree = "<group>"; };
		7337824F2BEA2CF000CC915C /* TestUITests.xctest */ = {isa = PBXFileReference; explicitFileType = wrapper.cfbundle; includeInIndex = 0; path = TestUITests.xctest; sourceTree = BUILT_PRODUCTS_DIR; };
		733782532BEA2CF000CC915C /* TestUITests.swift */ = {isa = PBXFileReference; lastKnownFileType = sourcecode.swift; path = TestUITests.swift; sourceTree = "<group>"; };
		733782552BEA2CF000CC915C /* TestUITestsLaunchTests.swift */ = {isa = PBXFileReference; lastKnownFileType = sourcecode.swift; path = TestUITestsLaunchTests.swift; sourceTree = "<group>"; };
		733782622BEA2D1800CC915C /* TableData.swift */ = {isa = PBXFileReference; lastKnownFileType = sourcecode.swift; path = TableData.swift; sourceTree = "<group>"; };
		733782642BEA30EA00CC915C /* DataTableViewCell.swift */ = {isa = PBXFileReference; lastKnownFileType = sourcecode.swift; path = DataTableViewCell.swift; sourceTree = "<group>"; };
/* End PBXFileReference section */

/* Begin PBXFrameworksBuildPhase section */
		7337822C2BEA2CEE00CC915C /* Frameworks */ = {
			isa = PBXFrameworksBuildPhase;
			buildActionMask = 2147483647;
			files = (
			);
			runOnlyForDeploymentPostprocessing = 0;
		};
		733782422BEA2CF000CC915C /* Frameworks */ = {
			isa = PBXFrameworksBuildPhase;
			buildActionMask = 2147483647;
			files = (
			);
			runOnlyForDeploymentPostprocessing = 0;
		};
		7337824C2BEA2CF000CC915C /* Frameworks */ = {
			isa = PBXFrameworksBuildPhase;
			buildActionMask = 2147483647;
			files = (
			);
			runOnlyForDeploymentPostprocessing = 0;
		};
/* End PBXFrameworksBuildPhase section */

/* Begin PBXGroup section */
		733782262BEA2CEE00CC915C = {
			isa = PBXGroup;
			children = (
				733782312BEA2CEE00CC915C /* Test */,
				733782482BEA2CF000CC915C /* TestTests */,
				733782522BEA2CF000CC915C /* TestUITests */,
				733782302BEA2CEE00CC915C /* Products */,
			);
			sourceTree = "<group>";
		};
		733782302BEA2CEE00CC915C /* Products */ = {
			isa = PBXGroup;
			children = (
				7337822F2BEA2CEE00CC915C /* Test.app */,
				733782452BEA2CF000CC915C /* TestTests.xctest */,
				7337824F2BEA2CF000CC915C /* TestUITests.xctest */,
			);
			name = Products;
			sourceTree = "<group>";
		};
		733782312BEA2CEE00CC915C /* Test */ = {
			isa = PBXGroup;
			children = (
				733782322BEA2CEE00CC915C /* AppDelegate.swift */,
				733782342BEA2CEE00CC915C /* SceneDelegate.swift */,
				733782362BEA2CEE00CC915C /* ViewController.swift */,
				733782622BEA2D1800CC915C /* TableData.swift */,
				733782642BEA30EA00CC915C /* DataTableViewCell.swift */,
				733782382BEA2CEE00CC915C /* Main.storyboard */,
				7337823B2BEA2CF000CC915C /* Assets.xcassets */,
				7337823D2BEA2CF000CC915C /* LaunchScreen.storyboard */,
				733782402BEA2CF000CC915C /* Info.plist */,
			);
			path = Test;
			sourceTree = "<group>";
		};
		733782482BEA2CF000CC915C /* TestTests */ = {
			isa = PBXGroup;
			children = (
				733782492BEA2CF000CC915C /* TestTests.swift */,
			);
			path = TestTests;
			sourceTree = "<group>";
		};
		733782522BEA2CF000CC915C /* TestUITests */ = {
			isa = PBXGroup;
			children = (
				733782532BEA2CF000CC915C /* TestUITests.swift */,
				733782552BEA2CF000CC915C /* TestUITestsLaunchTests.swift */,
			);
			path = TestUITests;
			sourceTree = "<group>";
		};
/* End PBXGroup section */

/* Begin PBXNativeTarget section */
		7337822E2BEA2CEE00CC915C /* Test */ = {
			isa = PBXNativeTarget;
			buildConfigurationList = 733782592BEA2CF000CC915C /* Build configuration list for PBXNativeTarget "Test" */;
			buildPhases = (
				7337822B2BEA2CEE00CC915C /* Sources */,
				7337822C2BEA2CEE00CC915C /* Frameworks */,
				7337822D2BEA2CEE00CC915C /* Resources */,
			);
			buildRules = (
			);
			dependencies = (
			);
			name = Test;
			productName = Test;
			productReference = 7337822F2BEA2CEE00CC915C /* Test.app */;
			productType = "com.apple.product-type.application";
		};
		733782442BEA2CF000CC915C /* TestTests */ = {
			isa = PBXNativeTarget;
			buildConfigurationList = 7337825C2BEA2CF000CC915C /* Build configuration list for PBXNativeTarget "TestTests" */;
			buildPhases = (
				733782412BEA2CF000CC915C /* Sources */,
				733782422BEA2CF000CC915C /* Frameworks */,
				733782432BEA2CF000CC915C /* Resources */,
			);
			buildRules = (
			);
			dependencies = (
				733782472BEA2CF000CC915C /* PBXTargetDependency */,
			);
			name = TestTests;
			productName = TestTests;
			productReference = 733782452BEA2CF000CC915C /* TestTests.xctest */;
			productType = "com.apple.product-type.bundle.unit-test";
		};
		7337824E2BEA2CF000CC915C /* TestUITests */ = {
			isa = PBXNativeTarget;
			buildConfigurationList = 7337825F2BEA2CF000CC915C /* Build configuration list for PBXNativeTarget "TestUITests" */;
			buildPhases = (
				7337824B2BEA2CF000CC915C /* Sources */,
				7337824C2BEA2CF000CC915C /* Frameworks */,
				7337824D2BEA2CF000CC915C /* Resources */,
			);
			buildRules = (
			);
			dependencies = (
				733782512BEA2CF000CC915C /* PBXTargetDependency */,
			);
			name = TestUITests;
			productName = TestUITests;
			productReference = 7337824F2BEA2CF000CC915C /* TestUITests.xctest */;
			productType = "com.apple.product-type.bundle.ui-testing";
		};
/* End PBXNativeTarget section */

/* Begin PBXProject section */
		733782272BEA2CEE00CC915C /* Project object */ = {
			isa = PBXProject;
			attributes = {
				BuildIndependentTargetsInParallel = 1;
				LastSwiftUpdateCheck = 1530;
				LastUpgradeCheck = 1530;
				TargetAttributes = {
					7337822E2BEA2CEE00CC915C = {
						CreatedOnToolsVersion = 15.3;
					};
					733782442BEA2CF000CC915C = {
						CreatedOnToolsVersion = 15.3;
						TestTargetID = 7337822E2BEA2CEE00CC915C;
					};
					7337824E2BEA2CF000CC915C = {
						CreatedOnToolsVersion = 15.3;
						TestTargetID = 7337822E2BEA2CEE00CC915C;
					};
				};
			};
			buildConfigurationList = 7337822A2BEA2CEE00CC915C /* Build configuration list for PBXProject "Test" */;
			compatibilityVersion = "Xcode 14.0";
			developmentRegion = en;
			hasScannedForEncodings = 0;
			knownRegions = (
				en,
				Base,
			);
			mainGroup = 733782262BEA2CEE00CC915C;
			productRefGroup = 733782302BEA2CEE00CC915C /* Products */;
			projectDirPath = "";
			projectRoot = "";
			targets = (
				7337822E2BEA2CEE00CC915C /* Test */,
				733782442BEA2CF000CC915C /* TestTests */,
				7337824E2BEA2CF000CC915C /* TestUITests */,
			);
		};
/* End PBXProject section */

/* Begin PBXResourcesBuildPhase section */
		7337822D2BEA2CEE00CC915C /* Resources */ = {
			isa = PBXResourcesBuildPhase;
			buildActionMask = 2147483647;
			files = (
				7337823C2BEA2CF000CC915C /* Assets.xcassets in Resources */,
				7337823F2BEA2CF000CC915C /* Base in Resources */,
				7337823A2BEA2CEE00CC915C /* Base in Resources */,
			);
			runOnlyForDeploymentPostprocessing = 0;
		};
		733782432BEA2CF000CC915C /* Resources */ = {
			isa = PBXResourcesBuildPhase;
			buildActionMask = 2147483647;
			files = (
			);
			runOnlyForDeploymentPostprocessing = 0;
		};
		7337824D2BEA2CF000CC915C /* Resources */ = {
			isa = PBXResourcesBuildPhase;
			buildActionMask = 2147483647;
			files = (
			);
			runOnlyForDeploymentPostprocessing = 0;
		};
/* End PBXResourcesBuildPhase section */

/* Begin PBXSourcesBuildPhase section */
		7337822B2BEA2CEE00CC915C /* Sources */ = {
			isa = PBXSourcesBuildPhase;
			buildActionMask = 2147483647;
			files = (
				733782372BEA2CEE00CC915C /* ViewController.swift in Sources */,
				733782652BEA30EA00CC915C /* DataTableViewCell.swift in Sources */,
				733782632BEA2D1800CC915C /* TableData.swift in Sources */,
				733782332BEA2CEE00CC915C /* AppDelegate.swift in Sources */,
				733782352BEA2CEE00CC915C /* SceneDelegate.swift in Sources */,
			);
			runOnlyForDeploymentPostprocessing = 0;
		};
		733782412BEA2CF000CC915C /* Sources */ = {
			isa = PBXSourcesBuildPhase;
			buildActionMask = 2147483647;
			files = (
				7337824A2BEA2CF000CC915C /* TestTests.swift in Sources */,
			);
			runOnlyForDeploymentPostprocessing = 0;
		};
		7337824B2BEA2CF000CC915C /* Sources */ = {
			isa = PBXSourcesBuildPhase;
			buildActionMask = 2147483647;
			files = (
				733782562BEA2CF000CC915C /* TestUITestsLaunchTests.swift in Sources */,
				733782542BEA2CF000CC915C /* TestUITests.swift in Sources */,
			);
			runOnlyForDeploymentPostprocessing = 0;
		};
/* End PBXSourcesBuildPhase section */

/* Begin PBXTargetDependency section */
		733782472BEA2CF000CC915C /* PBXTargetDependency */ = {
			isa = PBXTargetDependency;
			target = 7337822E2BEA2CEE00CC915C /* Test */;
			targetProxy = 733782462BEA2CF000CC915C /* PBXContainerItemProxy */;
		};
		733782512BEA2CF000CC915C /* PBXTargetDependency */ = {
			isa = PBXTargetDependency;
			target = 7337822E2BEA2CEE00CC915C /* Test */;
			targetProxy = 733782502BEA2CF000CC915C /* PBXContainerItemProxy */;
		};
/* End PBXTargetDependency section */

/* Begin PBXVariantGroup section */
		733782382BEA2CEE00CC915C /* Main.storyboard */ = {
			isa = PBXVariantGroup;
			children = (
				733782392BEA2CEE00CC915C /* Base */,
			);
			name = Main.storyboard;
			sourceTree = "<group>";
		};
		7337823D2BEA2CF000CC915C /* LaunchScreen.storyboard */ = {
			isa = PBXVariantGroup;
			children = (
				7337823E2BEA2CF000CC915C /* Base */,
			);
			name = LaunchScreen.storyboard;
			sourceTree = "<group>";
		};
/* End PBXVariantGroup section */

/* Begin XCBuildConfiguration section */
		733782572BEA2CF000CC915C /* Debug */ = {
			isa = XCBuildConfiguration;
			buildSettings = {
				ALWAYS_SEARCH_USER_PATHS = NO;
				ASSETCATALOG_COMPILER_GENERATE_SWIFT_ASSET_SYMBOL_EXTENSIONS = YES;
				CLANG_ANALYZER_NONNULL = YES;
				CLANG_ANALYZER_NUMBER_OBJECT_CONVERSION = YES_AGGRESSIVE;
				CLANG_CXX_LANGUAGE_STANDARD = "gnu++20";
				CLANG_ENABLE_MODULES = YES;
				CLANG_ENABLE_OBJC_ARC = YES;
				CLANG_ENABLE_OBJC_WEAK = YES;
				CLANG_WARN_BLOCK_CAPTURE_AUTORELEASING = YES;
				CLANG_WARN_BOOL_CONVERSION = YES;
				CLANG_WARN_COMMA = YES;
				CLANG_WARN_CONSTANT_CONVERSION = YES;
				CLANG_WARN_DEPRECATED_OBJC_IMPLEMENTATIONS = YES;
				CLANG_WARN_DIRECT_OBJC_ISA_USAGE = YES_ERROR;
				CLANG_WARN_DOCUMENTATION_COMMENTS = YES;
				CLANG_WARN_EMPTY_BODY = YES;
				CLANG_WARN_ENUM_CONVERSION = YES;
				CLANG_WARN_INFINITE_RECURSION = YES;
				CLANG_WARN_INT_CONVERSION = YES;
				CLANG_WARN_NON_LITERAL_NULL_CONVERSION = YES;
				CLANG_WARN_OBJC_IMPLICIT_RETAIN_SELF = YES;
				CLANG_WARN_OBJC_LITERAL_CONVERSION = YES;
				CLANG_WARN_OBJC_ROOT_CLASS = YES_ERROR;
				CLANG_WARN_QUOTED_INCLUDE_IN_FRAMEWORK_HEADER = YES;
				CLANG_WARN_RANGE_LOOP_ANALYSIS = YES;
				CLANG_WARN_STRICT_PROTOTYPES = YES;
				CLANG_WARN_SUSPICIOUS_MOVE = YES;
				CLANG_WARN_UNGUARDED_AVAILABILITY = YES_AGGRESSIVE;
				CLANG_WARN_UNREACHABLE_CODE = YES;
				CLANG_WARN__DUPLICATE_METHOD_MATCH = YES;
				COPY_PHASE_STRIP = NO;
				DEBUG_INFORMATION_FORMAT = dwarf;
				ENABLE_STRICT_OBJC_MSGSEND = YES;
				ENABLE_TESTABILITY = YES;
				ENABLE_USER_SCRIPT_SANDBOXING = YES;
				GCC_C_LANGUAGE_STANDARD = gnu17;
				GCC_DYNAMIC_NO_PIC = NO;
				GCC_NO_COMMON_BLOCKS = YES;
				GCC_OPTIMIZATION_LEVEL = 0;
				GCC_PREPROCESSOR_DEFINITIONS = (
					"DEBUG=1",
					"$(inherited)",
				);
				GCC_WARN_64_TO_32_BIT_CONVERSION = YES;
				GCC_WARN_ABOUT_RETURN_TYPE = YES_ERROR;
				GCC_WARN_UNDECLARED_SELECTOR = YES;
				GCC_WARN_UNINITIALIZED_AUTOS = YES_AGGRESSIVE;
				GCC_WARN_UNUSED_FUNCTION = YES;
				GCC_WARN_UNUSED_VARIABLE = YES;
				IPHONEOS_DEPLOYMENT_TARGET = 17.4;
				LOCALIZATION_PREFERS_STRING_CATALOGS = YES;
				MTL_ENABLE_DEBUG_INFO = INCLUDE_SOURCE;
				MTL_FAST_MATH = YES;
				ONLY_ACTIVE_ARCH = YES;
				SDKROOT = iphoneos;
				SWIFT_ACTIVE_COMPILATION_CONDITIONS = "DEBUG $(inherited)";
				SWIFT_OPTIMIZATION_LEVEL = "-Onone";
			};
			name = Debug;
		};
		733782582BEA2CF000CC915C /* Release */ = {
			isa = XCBuildConfiguration;
			buildSettings = {
				ALWAYS_SEARCH_USER_PATHS = NO;
				ASSETCATALOG_COMPILER_GENERATE_SWIFT_ASSET_SYMBOL_EXTENSIONS = YES;
				CLANG_ANALYZER_NONNULL = YES;
				CLANG_ANALYZER_NUMBER_OBJECT_CONVERSION = YES_AGGRESSIVE;
				CLANG_CXX_LANGUAGE_STANDARD = "gnu++20";
				CLANG_ENABLE_MODULES = YES;
				CLANG_ENABLE_OBJC_ARC = YES;
				CLANG_ENABLE_OBJC_WEAK = YES;
				CLANG_WARN_BLOCK_CAPTURE_AUTORELEASING = YES;
				CLANG_WARN_BOOL_CONVERSION = YES;
				CLANG_WARN_COMMA = YES;
				CLANG_WARN_CONSTANT_CONVERSION = YES;
				CLANG_WARN_DEPRECATED_OBJC_IMPLEMENTATIONS = YES;
				CLANG_WARN_DIRECT_OBJC_ISA_USAGE = YES_ERROR;
				CLANG_WARN_DOCUMENTATION_COMMENTS = YES;
				CLANG_WARN_EMPTY_BODY = YES;
				CLANG_WARN_ENUM_CONVERSION = YES;
				CLANG_WARN_INFINITE_RECURSION = YES;
				CLANG_WARN_INT_CONVERSION = YES;
				CLANG_WARN_NON_LITERAL_NULL_CONVERSION = YES;
				CLANG_WARN_OBJC_IMPLICIT_RETAIN_SELF = YES;
				CLANG_WARN_OBJC_LITERAL_CONVERSION = YES;
				CLANG_WARN_OBJC_ROOT_CLASS = YES_ERROR;
				CLANG_WARN_QUOTED_INCLUDE_IN_FRAMEWORK_HEADER = YES;
				CLANG_WARN_RANGE_LOOP_ANALYSIS = YES;
				CLANG_WARN_STRICT_PROTOTYPES = YES;
				CLANG_WARN_SUSPICIOUS_MOVE = YES;
				CLANG_WARN_UNGUARDED_AVAILABILITY = YES_AGGRESSIVE;
				CLANG_WARN_UNREACHABLE_CODE = YES;
				CLANG_WARN__DUPLICATE_METHOD_MATCH = YES;
				COPY_PHASE_STRIP = NO;
				DEBUG_INFORMATION_FORMAT = "dwarf-with-dsym";
				ENABLE_NS_ASSERTIONS = NO;
				ENABLE_STRICT_OBJC_MSGSEND = YES;
				ENABLE_USER_SCRIPT_SANDBOXING = YES;
				GCC_C_LANGUAGE_STANDARD = gnu17;
				GCC_NO_COMMON_BLOCKS = YES;
				GCC_WARN_64_TO_32_BIT_CONVERSION = YES;
				GCC_WARN_ABOUT_RETURN_TYPE = YES_ERROR;
				GCC_WARN_UNDECLARED_SELECTOR = YES;
				GCC_WARN_UNINITIALIZED_AUTOS = YES_AGGRESSIVE;
				GCC_WARN_UNUSED_FUNCTION = YES;
				GCC_WARN_UNUSED_VARIABLE = YES;
				IPHONEOS_DEPLOYMENT_TARGET = 17.4;
				LOCALIZATION_PREFERS_STRING_CATALOGS = YES;
				MTL_ENABLE_DEBUG_INFO = NO;
				MTL_FAST_MATH = YES;
				SDKROOT = iphoneos;
				SWIFT_COMPILATION_MODE = wholemodule;
				VALIDATE_PRODUCT = YES;
			};
			name = Release;
		};
		7337825A2BEA2CF000CC915C /* Debug */ = {
			isa = XCBuildConfiguration;
			buildSettings = {
				ASSETCATALOG_COMPILER_APPICON_NAME = AppIcon;
				ASSETCATALOG_COMPILER_GLOBAL_ACCENT_COLOR_NAME = AccentColor;
				CODE_SIGN_STYLE = Automatic;
				CURRENT_PROJECT_VERSION = 1;
				DEVELOPMENT_TEAM = 36HR7SZKP5;
				GENERATE_INFOPLIST_FILE = YES;
				INFOPLIST_FILE = Test/Info.plist;
				INFOPLIST_KEY_UIApplicationSupportsIndirectInputEvents = YES;
				INFOPLIST_KEY_UILaunchStoryboardName = LaunchScreen;
				INFOPLIST_KEY_UIMainStoryboardFile = Main;
				INFOPLIST_KEY_UISupportedInterfaceOrientations_iPad = "UIInterfaceOrientationPortrait UIInterfaceOrientationPortraitUpsideDown UIInterfaceOrientationLandscapeLeft UIInterfaceOrientationLandscapeRight";
				INFOPLIST_KEY_UISupportedInterfaceOrientations_iPhone = "UIInterfaceOrientationPortrait UIInterfaceOrientationLandscapeLeft UIInterfaceOrientationLandscapeRight";
				LD_RUNPATH_SEARCH_PATHS = (
					"$(inherited)",
					"@executable_path/Frameworks",
				);
				MARKETING_VERSION = 1.0;
				PRODUCT_BUNDLE_IDENTIFIER = com.Prudhvi.Test;
				PRODUCT_NAME = "$(TARGET_NAME)";
				SWIFT_EMIT_LOC_STRINGS = YES;
				SWIFT_VERSION = 5.0;
				TARGETED_DEVICE_FAMILY = "1,2";
			};
			name = Debug;
		};
		7337825B2BEA2CF000CC915C /* Release */ = {
			isa = XCBuildConfiguration;
			buildSettings = {
				ASSETCATALOG_COMPILER_APPICON_NAME = AppIcon;
				ASSETCATALOG_COMPILER_GLOBAL_ACCENT_COLOR_NAME = AccentColor;
				CODE_SIGN_STYLE = Automatic;
				CURRENT_PROJECT_VERSION = 1;
				DEVELOPMENT_TEAM = 36HR7SZKP5;
				GENERATE_INFOPLIST_FILE = YES;
				INFOPLIST_FILE = Test/Info.plist;
				INFOPLIST_KEY_UIApplicationSupportsIndirectInputEvents = YES;
				INFOPLIST_KEY_UILaunchStoryboardName = LaunchScreen;
				INFOPLIST_KEY_UIMainStoryboardFile = Main;
				INFOPLIST_KEY_UISupportedInterfaceOrientations_iPad = "UIInterfaceOrientationPortrait UIInterfaceOrientationPortraitUpsideDown UIInterfaceOrientationLandscapeLeft UIInterfaceOrientationLandscapeRight";
				INFOPLIST_KEY_UISupportedInterfaceOrientations_iPhone = "UIInterfaceOrientationPortrait UIInterfaceOrientationLandscapeLeft UIInterfaceOrientationLandscapeRight";
				LD_RUNPATH_SEARCH_PATHS = (
					"$(inherited)",
					"@executable_path/Frameworks",
				);
				MARKETING_VERSION = 1.0;
				PRODUCT_BUNDLE_IDENTIFIER = com.Prudhvi.Test;
				PRODUCT_NAME = "$(TARGET_NAME)";
				SWIFT_EMIT_LOC_STRINGS = YES;
				SWIFT_VERSION = 5.0;
				TARGETED_DEVICE_FAMILY = "1,2";
			};
			name = Release;
		};
		7337825D2BEA2CF000CC915C /* Debug */ = {
			isa = XCBuildConfiguration;
			buildSettings = {
				ALWAYS_EMBED_SWIFT_STANDARD_LIBRARIES = YES;
				BUNDLE_LOADER = "$(TEST_HOST)";
				CODE_SIGN_STYLE = Automatic;
				CURRENT_PROJECT_VERSION = 1;
				DEVELOPMENT_TEAM = 36HR7SZKP5;
				GENERATE_INFOPLIST_FILE = YES;
				IPHONEOS_DEPLOYMENT_TARGET = 17.4;
				MARKETING_VERSION = 1.0;
				PRODUCT_BUNDLE_IDENTIFIER = com.Prudhvi.TestTests;
				PRODUCT_NAME = "$(TARGET_NAME)";
				SWIFT_EMIT_LOC_STRINGS = NO;
				SWIFT_VERSION = 5.0;
				TARGETED_DEVICE_FAMILY = "1,2";
				TEST_HOST = "$(BUILT_PRODUCTS_DIR)/Test.app/$(BUNDLE_EXECUTABLE_FOLDER_PATH)/Test";
			};
			name = Debug;
		};
		7337825E2BEA2CF000CC915C /* Release */ = {
			isa = XCBuildConfiguration;
			buildSettings = {
				ALWAYS_EMBED_SWIFT_STANDARD_LIBRARIES = YES;
				BUNDLE_LOADER = "$(TEST_HOST)";
				CODE_SIGN_STYLE = Automatic;
				CURRENT_PROJECT_VERSION = 1;
				DEVELOPMENT_TEAM = 36HR7SZKP5;
				GENERATE_INFOPLIST_FILE = YES;
				IPHONEOS_DEPLOYMENT_TARGET = 17.4;
				MARKETING_VERSION = 1.0;
				PRODUCT_BUNDLE_IDENTIFIER = com.Prudhvi.TestTests;
				PRODUCT_NAME = "$(TARGET_NAME)";
				SWIFT_EMIT_LOC_STRINGS = NO;
				SWIFT_VERSION = 5.0;
				TARGETED_DEVICE_FAMILY = "1,2";
				TEST_HOST = "$(BUILT_PRODUCTS_DIR)/Test.app/$(BUNDLE_EXECUTABLE_FOLDER_PATH)/Test";
			};
			name = Release;
		};
		733782602BEA2CF000CC915C /* Debug */ = {
			isa = XCBuildConfiguration;
			buildSettings = {
				ALWAYS_EMBED_SWIFT_STANDARD_LIBRARIES = YES;
				CODE_SIGN_STYLE = Automatic;
				CURRENT_PROJECT_VERSION = 1;
				DEVELOPMENT_TEAM = 36HR7SZKP5;
				GENERATE_INFOPLIST_FILE = YES;
				MARKETING_VERSION = 1.0;
				PRODUCT_BUNDLE_IDENTIFIER = com.Prudhvi.TestUITests;
				PRODUCT_NAME = "$(TARGET_NAME)";
				SWIFT_EMIT_LOC_STRINGS = NO;
				SWIFT_VERSION = 5.0;
				TARGETED_DEVICE_FAMILY = "1,2";
				TEST_TARGET_NAME = Test;
			};
			name = Debug;
		};
		733782612BEA2CF000CC915C /* Release */ = {
			isa = XCBuildConfiguration;
			buildSettings = {
				ALWAYS_EMBED_SWIFT_STANDARD_LIBRARIES = YES;
				CODE_SIGN_STYLE = Automatic;
				CURRENT_PROJECT_VERSION = 1;
				DEVELOPMENT_TEAM = 36HR7SZKP5;
				GENERATE_INFOPLIST_FILE = YES;
				MARKETING_VERSION = 1.0;
				PRODUCT_BUNDLE_IDENTIFIER = com.Prudhvi.TestUITests;
				PRODUCT_NAME = "$(TARGET_NAME)";
				SWIFT_EMIT_LOC_STRINGS = NO;
				SWIFT_VERSION = 5.0;
				TARGETED_DEVICE_FAMILY = "1,2";
				TEST_TARGET_NAME = Test;
			};
			name = Release;
		};
/* End XCBuildConfiguration section */

/* Begin XCConfigurationList section */
		7337822A2BEA2CEE00CC915C /* Build configuration list for PBXProject "Test" */ = {
			isa = XCConfigurationList;
			buildConfigurations = (
				733782572BEA2CF000CC915C /* Debug */,
				733782582BEA2CF000CC915C /* Release */,
			);
			defaultConfigurationIsVisible = 0;
			defaultConfigurationName = Release;
		};
		733782592BEA2CF000CC915C /* Build configuration list for PBXNativeTarget "Test" */ = {
			isa = XCConfigurationList;
			buildConfigurations = (
				7337825A2BEA2CF000CC915C /* Debug */,
				7337825B2BEA2CF000CC915C /* Release */,
			);
			defaultConfigurationIsVisible = 0;
			defaultConfigurationName = Release;
		};
		7337825C2BEA2CF000CC915C /* Build configuration list for PBXNativeTarget "TestTests" */ = {
			isa = XCConfigurationList;
			buildConfigurations = (
				7337825D2BEA2CF000CC915C /* Debug */,
				7337825E2BEA2CF000CC915C /* Release */,
			);
			defaultConfigurationIsVisible = 0;
			defaultConfigurationName = Release;
		};
		7337825F2BEA2CF000CC915C /* Build configuration list for PBXNativeTarget "TestUITests" */ = {
			isa = XCConfigurationList;
			buildConfigurations = (
				733782602BEA2CF000CC915C /* Debug */,
				733782612BEA2CF000CC915C /* Release */,
			);
			defaultConfigurationIsVisible = 0;
			defaultConfigurationName = Release;
		};
/* End XCConfigurationList section */
	};
	rootObject = 733782272BEA2CEE00CC915C /* Project object */;
}
